# Generated by buf. DO NOT EDIT.
version: v2
deps:
  - name: buf.build/bufbuild/protovalidate
    commit: 0409229c37804d6187ee0806eb4eebce
    digest: b5:795db9d3a6e066dc61d99ac651fa7f136171869abe2211ca272dd84aada7bc4583b9508249fa5b61300a5b1fe8b6dbf6edbc088aa0345d1ccb9fff705e3d48e9
  - name: buf.build/celest-dev/cedar
    commit: 37266fb8032240bc887fea377784e864
    digest: b5:d69e51c2a8a2e037c1f5fceb96f0420c4f6e8ae8d44d1de427380070d5f6119175dcaf2eb7c7d5385ebde266d60d500744953a8bf81881bbb02d9c0237766462
  - name: buf.build/googleapis/googleapis
    commit: 751cbe31638d43a9bfb6162cd2352e67
    digest: b5:51ba5c31f244fd74420f0e66d13f2b5dd6024dcfe1a29dc45bd8f6e61c1444c828b9add9e7dd25a4513ebbee8097a970e0712a2e2cd955c2d60cf8905204f51a
