PODS:
  - Flutter (1.0.0)
  - native_authentication (0.0.1):
    - Flutter
  - objective_c (0.0.1):
    - Flutter

DEPENDENCIES:
  - Flutter (from `Flutter`)
  - native_authentication (from `.symlinks/plugins/native_authentication/ios`)
  - objective_c (from `.symlinks/plugins/objective_c/ios`)

EXTERNAL SOURCES:
  Flutter:
    :path: Flutter
  native_authentication:
    :path: ".symlinks/plugins/native_authentication/ios"
  objective_c:
    :path: ".symlinks/plugins/objective_c/ios"

SPEC CHECKSUMS:
  Flutter: e0871f40cf51350855a761d2e70bf5af5b9b5de7
  native_authentication: 9584603fb050c3f86d19c53d25a3f4dea200588f
  objective_c: 89e720c30d716b036faf9c9684022048eee1eee2

PODFILE CHECKSUM: ade96bceabe3919b69c16573938e4268fe3a6c9d

COCOAPODS: 1.16.2
