PODS:
  - FlutterMacOS (1.0.0)
  - native_authentication (0.0.1):
    - FlutterMacOS
  - objective_c (0.0.1):
    - FlutterMacOS

DEPENDENCIES:
  - FlutterMacOS (from `Flutter/ephemeral`)
  - native_authentication (from `Flutter/ephemeral/.symlinks/plugins/native_authentication/macos`)
  - objective_c (from `Flutter/ephemeral/.symlinks/plugins/objective_c/macos`)

EXTERNAL SOURCES:
  FlutterMacOS:
    :path: Flutter/ephemeral
  native_authentication:
    :path: Flutter/ephemeral/.symlinks/plugins/native_authentication/macos
  objective_c:
    :path: Flutter/ephemeral/.symlinks/plugins/objective_c/macos

SPEC CHECKSUMS:
  FlutterMacOS: 8f6f14fa908a6fb3fba0cd85dbd81ec4b251fb24
  native_authentication: cf7783d5074db2e2e3babf81b12e14da700f0bcd
  objective_c: e5f8194456e8fc943e034d1af00510a1bc29c067

PODFILE CHECKSUM: 9ebaf0ce3d369aaa26a9ea0e159195ed94724cf3

COCOAPODS: 1.15.2
